
Microsoft Visual Studio Solution File, Format Version 12.00
# Visual Studio Version 16
VisualStudioVersion = 16.0.29209.62
MinimumVisualStudioVersion = 10.0.40219.1
Project("{FAE04EC0-301F-11D3-BF4B-00C04F79EFBC}") = "Estimator.App", "Estimator.App\Estimator.App.csproj", "{C75E26B6-282E-4CF2-94C1-3CFE3DC86064}"
EndProject
Global
	GlobalSection(SolutionConfigurationPlatforms) = preSolution
		Debug|Any CPU = Debug|Any CPU
		Release|Any CPU = Release|Any CPU
	EndGlobalSection
	GlobalSection(ProjectConfigurationPlatforms) = postSolution
		{C75E26B6-282E-4CF2-94C1-3CFE3DC86064}.Debug|Any CPU.ActiveCfg = Debug|Any CPU
		{C75E26B6-282E-4CF2-94C1-3CFE3DC86064}.Debug|Any CPU.Build.0 = Debug|Any CPU
		{C75E26B6-282E-4CF2-94C1-3CFE3DC86064}.Release|Any CPU.ActiveCfg = Release|Any CPU
		{C75E26B6-282E-4CF2-94C1-3CFE3DC86064}.Release|Any CPU.Build.0 = Release|Any CPU
	EndGlobalSection
	GlobalSection(SolutionProperties) = preSolution
		HideSolutionNode = FALSE
	EndGlobalSection
	GlobalSection(ExtensibilityGlobals) = postSolution
		SolutionGuid = {D7CDDE7B-BA92-4D42-8A93-625329075742}
	EndGlobalSection
EndGlobal
